
Microsoft Visual Studio Solution File, Format Version 12.00
# Visual Studio Version 16
VisualStudioVersion = 16.0.31321.278
MinimumVisualStudioVersion = 10.0.40219.1
Project("{FAE04EC0-301F-11D3-BF4B-00C04F79EFBC}") = "Asteroids", "ConsoleApp1\Asteroids.csproj", "{7E952A72-1D08-46DC-B8B1-1696E42CB314}"
EndProject
Global
	GlobalSection(SolutionConfigurationPlatforms) = preSolution
		Debug|Any CPU = Debug|Any CPU
		Release|Any CPU = Release|Any CPU
	EndGlobalSection
	GlobalSection(ProjectConfigurationPlatforms) = postSolution
		{7E952A72-1D08-46DC-B8B1-1696E42CB314}.Debug|Any CPU.ActiveCfg = Debug|Any CPU
		{7E952A72-1D08-46DC-B8B1-1696E42CB314}.Debug|Any CPU.Build.0 = Debug|Any CPU
		{7E952A72-1D08-46DC-B8B1-1696E42CB314}.Release|Any CPU.ActiveCfg = Release|Any CPU
		{7E952A72-1D08-46DC-B8B1-1696E42CB314}.Release|Any CPU.Build.0 = Release|Any CPU
	EndGlobalSection
	GlobalSection(SolutionProperties) = preSolution
		HideSolutionNode = FALSE
	EndGlobalSection
	GlobalSection(ExtensibilityGlobals) = postSolution
		SolutionGuid = {74FD16FE-F051-477B-9912-3CA685A1540F}
	EndGlobalSection
EndGlobal
